// !$*UTF8*$!
{
	archiveVersion = 1;
	classes = {
	};
	objectVersion = 56;
	objects = {

/* Begin PBXBuildFile section */
		AD71E83729C0A78200926DB0 /* iWalletApp.swift in Sources */ = {isa = PBXBuildFile; fileRef = AD71E83629C0A78200926DB0 /* iWalletApp.swift */; };
		AD71E83B29C0A78300926DB0 /* Assets.xcassets in Resources */ = {isa = PBXBuildFile; fileRef = AD71E83A29C0A78300926DB0 /* Assets.xcassets */; };
		AD71E83E29C0A78300926DB0 /* Preview Assets.xcassets in Resources */ = {isa = PBXBuildFile; fileRef = AD71E83D29C0A78300926DB0 /* Preview Assets.xcassets */; };
		AD71E84029C0A78300926DB0 /* DataController.swift in Sources */ = {isa = PBXBuildFile; fileRef = AD71E83F29C0A78300926DB0 /* DataController.swift */; };
		AD71E84329C0A78300926DB0 /* iWallet.xcdatamodeld in Sources */ = {isa = PBXBuildFile; fileRef = AD71E84129C0A78300926DB0 /* iWallet.xcdatamodeld */; };
		AD71E84C29C0A89400926DB0 /* Home.swift in Sources */ = {isa = PBXBuildFile; fileRef = AD71E84B29C0A89400926DB0 /* Home.swift */; };
		AD71E84E29C0A8D400926DB0 /* AddItems.swift in Sources */ = {isa = PBXBuildFile; fileRef = AD71E84D29C0A8D400926DB0 /* AddItems.swift */; };
		AD71E85029C0B69700926DB0 /* ItemDetailView.swift in Sources */ = {isa = PBXBuildFile; fileRef = AD71E84F29C0B69700926DB0 /* ItemDetailView.swift */; };
		AD71E86729C1AF7D00926DB0 /* Item+CoreDataClass.swift in Sources */ = {isa = PBXBuildFile; fileRef = AD71E86329C1AF7D00926DB0 /* Item+CoreDataClass.swift */; };
		AD71E86829C1AF7D00926DB0 /* Item+CoreDataProperties.swift in Sources */ = {isa = PBXBuildFile; fileRef = AD71E86429C1AF7D00926DB0 /* Item+CoreDataProperties.swift */; };
		AD71E86929C1AF7D00926DB0 /* Category+CoreDataClass.swift in Sources */ = {isa = PBXBuildFile; fileRef = AD71E86529C1AF7D00926DB0 /* Category+CoreDataClass.swift */; };
		AD71E86A29C1AF7D00926DB0 /* Category+CoreDataProperties.swift in Sources */ = {isa = PBXBuildFile; fileRef = AD71E86629C1AF7D00926DB0 /* Category+CoreDataProperties.swift */; };
		AD71E86C29C1B96B00926DB0 /* AddCategoryView.swift in Sources */ = {isa = PBXBuildFile; fileRef = AD71E86B29C1B96B00926DB0 /* AddCategoryView.swift */; };
		AD913DF529C1DCC900594C7F /* ItemsView.swift in Sources */ = {isa = PBXBuildFile; fileRef = AD913DF429C1DCC900594C7F /* ItemsView.swift */; };
/* End PBXBuildFile section */

/* Begin PBXFileReference section */
		AD71E83329C0A78200926DB0 /* iWallet.app */ = {isa = PBXFileReference; explicitFileType = wrapper.application; includeInIndex = 0; path = iWallet.app; sourceTree = BUILT_PRODUCTS_DIR; };
		AD71E83629C0A78200926DB0 /* iWalletApp.swift */ = {isa = PBXFileReference; lastKnownFileType = sourcecode.swift; path = iWalletApp.swift; sourceTree = "<group>"; };
		AD71E83A29C0A78300926DB0 /* Assets.xcassets */ = {isa = PBXFileReference; lastKnownFileType = folder.assetcatalog; path = Assets.xcassets; sourceTree = "<group>"; };
		AD71E83D29C0A78300926DB0 /* Preview Assets.xcassets */ = {isa = PBXFileReference; lastKnownFileType = folder.assetcatalog; path = "Preview Assets.xcassets"; sourceTree = "<group>"; };
		AD71E83F29C0A78300926DB0 /* DataController.swift */ = {isa = PBXFileReference; lastKnownFileType = sourcecode.swift; path = DataController.swift; sourceTree = "<group>"; };
		AD71E84229C0A78300926DB0 /* iWallet.xcdatamodel */ = {isa = PBXFileReference; lastKnownFileType = wrapper.xcdatamodel; path = iWallet.xcdatamodel; sourceTree = "<group>"; };
		AD71E84B29C0A89400926DB0 /* Home.swift */ = {isa = PBXFileReference; lastKnownFileType = sourcecode.swift; path = Home.swift; sourceTree = "<group>"; };
		AD71E84D29C0A8D400926DB0 /* AddItems.swift */ = {isa = PBXFileReference; lastKnownFileType = sourcecode.swift; path = AddItems.swift; sourceTree = "<group>"; };
		AD71E84F29C0B69700926DB0 /* ItemDetailView.swift */ = {isa = PBXFileReference; lastKnownFileType = sourcecode.swift; path = ItemDetailView.swift; sourceTree = "<group>"; };
		AD71E86329C1AF7D00926DB0 /* Item+CoreDataClass.swift */ = {isa = PBXFileReference; lastKnownFileType = sourcecode.swift; path = "Item+CoreDataClass.swift"; sourceTree = "<group>"; };
		AD71E86429C1AF7D00926DB0 /* Item+CoreDataProperties.swift */ = {isa = PBXFileReference; lastKnownFileType = sourcecode.swift; path = "Item+CoreDataProperties.swift"; sourceTree = "<group>"; };
		AD71E86529C1AF7D00926DB0 /* Category+CoreDataClass.swift */ = {isa = PBXFileReference; lastKnownFileType = sourcecode.swift; path = "Category+CoreDataClass.swift"; sourceTree = "<group>"; };
		AD71E86629C1AF7D00926DB0 /* Category+CoreDataProperties.swift */ = {isa = PBXFileReference; lastKnownFileType = sourcecode.swift; path = "Category+CoreDataProperties.swift"; sourceTree = "<group>"; };
		AD71E86B29C1B96B00926DB0 /* AddCategoryView.swift */ = {isa = PBXFileReference; lastKnownFileType = sourcecode.swift; path = AddCategoryView.swift; sourceTree = "<group>"; };
		AD913DF429C1DCC900594C7F /* ItemsView.swift */ = {isa = PBXFileReference; lastKnownFileType = sourcecode.swift; path = ItemsView.swift; sourceTree = "<group>"; };
		ADC6230329C1C4DD001E6DF6 /* Info.plist */ = {isa = PBXFileReference; lastKnownFileType = text.plist; path = Info.plist; sourceTree = "<group>"; };
/* End PBXFileReference section */

/* Begin PBXFrameworksBuildPhase section */
		AD71E83029C0A78200926DB0 /* Frameworks */ = {
			isa = PBXFrameworksBuildPhase;
			buildActionMask = 2147483647;
			files = (
			);
			runOnlyForDeploymentPostprocessing = 0;
		};
/* End PBXFrameworksBuildPhase section */

/* Begin PBXGroup section */
		AD71E82A29C0A78200926DB0 = {
			isa = PBXGroup;
			children = (
				AD71E83529C0A78200926DB0 /* iWallet */,
				AD71E83429C0A78200926DB0 /* Products */,
			);
			sourceTree = "<group>";
		};
		AD71E83429C0A78200926DB0 /* Products */ = {
			isa = PBXGroup;
			children = (
				AD71E83329C0A78200926DB0 /* iWallet.app */,
			);
			name = Products;
			sourceTree = "<group>";
		};
		AD71E83529C0A78200926DB0 /* iWallet */ = {
			isa = PBXGroup;
			children = (
				ADC6230329C1C4DD001E6DF6 /* Info.plist */,
				AD71E83629C0A78200926DB0 /* iWalletApp.swift */,
				AD71E84A29C0A86200926DB0 /* View */,
				AD71E84B29C0A89400926DB0 /* Home.swift */,
				AD913DF429C1DCC900594C7F /* ItemsView.swift */,
				AD71E86B29C1B96B00926DB0 /* AddCategoryView.swift */,
				AD71E84F29C0B69700926DB0 /* ItemDetailView.swift */,
				AD71E84D29C0A8D400926DB0 /* AddItems.swift */,
				AD71E83A29C0A78300926DB0 /* Assets.xcassets */,
				AD71E84929C0A85500926DB0 /* Data */,
				AD71E83C29C0A78300926DB0 /* Preview Content */,
			);
			path = iWallet;
			sourceTree = "<group>";
		};
		AD71E83C29C0A78300926DB0 /* Preview Content */ = {
			isa = PBXGroup;
			children = (
				AD71E83D29C0A78300926DB0 /* Preview Assets.xcassets */,
			);
			path = "Preview Content";
			sourceTree = "<group>";
		};
		AD71E84929C0A85500926DB0 /* Data */ = {
			isa = PBXGroup;
			children = (
				AD71E86329C1AF7D00926DB0 /* Item+CoreDataClass.swift */,
				AD71E86429C1AF7D00926DB0 /* Item+CoreDataProperties.swift */,
				AD71E86529C1AF7D00926DB0 /* Category+CoreDataClass.swift */,
				AD71E86629C1AF7D00926DB0 /* Category+CoreDataProperties.swift */,
				AD71E83F29C0A78300926DB0 /* DataController.swift */,
				AD71E84129C0A78300926DB0 /* iWallet.xcdatamodeld */,
			);
			path = Data;
			sourceTree = "<group>";
		};
		AD71E84A29C0A86200926DB0 /* View */ = {
			isa = PBXGroup;
			children = (
			);
			path = View;
			sourceTree = "<group>";
		};
/* End PBXGroup section */

/* Begin PBXNativeTarget section */
		AD71E83229C0A78200926DB0 /* iWallet */ = {
			isa = PBXNativeTarget;
			buildConfigurationList = AD71E84629C0A78300926DB0 /* Build configuration list for PBXNativeTarget "iWallet" */;
			buildPhases = (
				AD71E82F29C0A78200926DB0 /* Sources */,
				AD71E83029C0A78200926DB0 /* Frameworks */,
				AD71E83129C0A78200926DB0 /* Resources */,
			);
			buildRules = (
			);
			dependencies = (
			);
			name = iWallet;
			productName = iWallet;
			productReference = AD71E83329C0A78200926DB0 /* iWallet.app */;
			productType = "com.apple.product-type.application";
		};
/* End PBXNativeTarget section */

/* Begin PBXProject section */
		AD71E82B29C0A78200926DB0 /* Project object */ = {
			isa = PBXProject;
			attributes = {
				BuildIndependentTargetsInParallel = 1;
				LastSwiftUpdateCheck = 1420;
				LastUpgradeCheck = 1420;
				TargetAttributes = {
					AD71E83229C0A78200926DB0 = {
						CreatedOnToolsVersion = 14.2;
					};
				};
			};
			buildConfigurationList = AD71E82E29C0A78200926DB0 /* Build configuration list for PBXProject "iWallet" */;
			compatibilityVersion = "Xcode 14.0";
			developmentRegion = en;
			hasScannedForEncodings = 0;
			knownRegions = (
				en,
				Base,
			);
			mainGroup = AD71E82A29C0A78200926DB0;
			productRefGroup = AD71E83429C0A78200926DB0 /* Products */;
			projectDirPath = "";
			projectRoot = "";
			targets = (
				AD71E83229C0A78200926DB0 /* iWallet */,
			);
		};
/* End PBXProject section */

/* Begin PBXResourcesBuildPhase section */
		AD71E83129C0A78200926DB0 /* Resources */ = {
			isa = PBXResourcesBuildPhase;
			buildActionMask = 2147483647;
			files = (
				AD71E83E29C0A78300926DB0 /* Preview Assets.xcassets in Resources */,
				AD71E83B29C0A78300926DB0 /* Assets.xcassets in Resources */,
			);
			runOnlyForDeploymentPostprocessing = 0;
		};
/* End PBXResourcesBuildPhase section */

/* Begin PBXSourcesBuildPhase section */
		AD71E82F29C0A78200926DB0 /* Sources */ = {
			isa = PBXSourcesBuildPhase;
			buildActionMask = 2147483647;
			files = (
				AD71E85029C0B69700926DB0 /* ItemDetailView.swift in Sources */,
				AD71E84029C0A78300926DB0 /* DataController.swift in Sources */,
				AD71E86829C1AF7D00926DB0 /* Item+CoreDataProperties.swift in Sources */,
				AD71E84C29C0A89400926DB0 /* Home.swift in Sources */,
				AD71E84329C0A78300926DB0 /* iWallet.xcdatamodeld in Sources */,
				AD71E84E29C0A8D400926DB0 /* AddItems.swift in Sources */,
				AD71E83729C0A78200926DB0 /* iWalletApp.swift in Sources */,
				AD913DF529C1DCC900594C7F /* ItemsView.swift in Sources */,
				AD71E86A29C1AF7D00926DB0 /* Category+CoreDataProperties.swift in Sources */,
				AD71E86929C1AF7D00926DB0 /* Category+CoreDataClass.swift in Sources */,
				AD71E86C29C1B96B00926DB0 /* AddCategoryView.swift in Sources */,
				AD71E86729C1AF7D00926DB0 /* Item+CoreDataClass.swift in Sources */,
			);
			runOnlyForDeploymentPostprocessing = 0;
		};
/* End PBXSourcesBuildPhase section */

/* Begin XCBuildConfiguration section */
		AD71E84429C0A78300926DB0 /* Debug */ = {
			isa = XCBuildConfiguration;
			buildSettings = {
				ALWAYS_SEARCH_USER_PATHS = NO;
				CLANG_ANALYZER_NONNULL = YES;
				CLANG_ANALYZER_NUMBER_OBJECT_CONVERSION = YES_AGGRESSIVE;
				CLANG_CXX_LANGUAGE_STANDARD = "gnu++20";
				CLANG_ENABLE_MODULES = YES;
				CLANG_ENABLE_OBJC_ARC = YES;
				CLANG_ENABLE_OBJC_WEAK = YES;
				CLANG_WARN_BLOCK_CAPTURE_AUTORELEASING = YES;
				CLANG_WARN_BOOL_CONVERSION = YES;
				CLANG_WARN_COMMA = YES;
				CLANG_WARN_CONSTANT_CONVERSION = YES;
				CLANG_WARN_DEPRECATED_OBJC_IMPLEMENTATIONS = YES;
				CLANG_WARN_DIRECT_OBJC_ISA_USAGE = YES_ERROR;
				CLANG_WARN_DOCUMENTATION_COMMENTS = YES;
				CLANG_WARN_EMPTY_BODY = YES;
				CLANG_WARN_ENUM_CONVERSION = YES;
				CLANG_WARN_INFINITE_RECURSION = YES;
				CLANG_WARN_INT_CONVERSION = YES;
				CLANG_WARN_NON_LITERAL_NULL_CONVERSION = YES;
				CLANG_WARN_OBJC_IMPLICIT_RETAIN_SELF = YES;
				CLANG_WARN_OBJC_LITERAL_CONVERSION = YES;
				CLANG_WARN_OBJC_ROOT_CLASS = YES_ERROR;
				CLANG_WARN_QUOTED_INCLUDE_IN_FRAMEWORK_HEADER = YES;
				CLANG_WARN_RANGE_LOOP_ANALYSIS = YES;
				CLANG_WARN_STRICT_PROTOTYPES = YES;
				CLANG_WARN_SUSPICIOUS_MOVE = YES;
				CLANG_WARN_UNGUARDED_AVAILABILITY = YES_AGGRESSIVE;
				CLANG_WARN_UNREACHABLE_CODE = YES;
				CLANG_WARN__DUPLICATE_METHOD_MATCH = YES;
				COPY_PHASE_STRIP = NO;
				DEBUG_INFORMATION_FORMAT = dwarf;
				ENABLE_STRICT_OBJC_MSGSEND = YES;
				ENABLE_TESTABILITY = YES;
				GCC_C_LANGUAGE_STANDARD = gnu11;
				GCC_DYNAMIC_NO_PIC = NO;
				GCC_NO_COMMON_BLOCKS = YES;
				GCC_OPTIMIZATION_LEVEL = 0;
				GCC_PREPROCESSOR_DEFINITIONS = (
					"DEBUG=1",
					"$(inherited)",
				);
				GCC_WARN_64_TO_32_BIT_CONVERSION = YES;
				GCC_WARN_ABOUT_RETURN_TYPE = YES_ERROR;
				GCC_WARN_UNDECLARED_SELECTOR = YES;
				GCC_WARN_UNINITIALIZED_AUTOS = YES_AGGRESSIVE;
				GCC_WARN_UNUSED_FUNCTION = YES;
				GCC_WARN_UNUSED_VARIABLE = YES;
				IPHONEOS_DEPLOYMENT_TARGET = 16.2;
				MTL_ENABLE_DEBUG_INFO = INCLUDE_SOURCE;
				MTL_FAST_MATH = YES;
				ONLY_ACTIVE_ARCH = YES;
				SDKROOT = iphoneos;
				SWIFT_ACTIVE_COMPILATION_CONDITIONS = DEBUG;
				SWIFT_OPTIMIZATION_LEVEL = "-Onone";
			};
			name = Debug;
		};
		AD71E84529C0A78300926DB0 /* Release */ = {
			isa = XCBuildConfiguration;
			buildSettings = {
				ALWAYS_SEARCH_USER_PATHS = NO;
				CLANG_ANALYZER_NONNULL = YES;
				CLANG_ANALYZER_NUMBER_OBJECT_CONVERSION = YES_AGGRESSIVE;
				CLANG_CXX_LANGUAGE_STANDARD = "gnu++20";
				CLANG_ENABLE_MODULES = YES;
				CLANG_ENABLE_OBJC_ARC = YES;
				CLANG_ENABLE_OBJC_WEAK = YES;
				CLANG_WARN_BLOCK_CAPTURE_AUTORELEASING = YES;
				CLANG_WARN_BOOL_CONVERSION = YES;
				CLANG_WARN_COMMA = YES;
				CLANG_WARN_CONSTANT_CONVERSION = YES;
				CLANG_WARN_DEPRECATED_OBJC_IMPLEMENTATIONS = YES;
				CLANG_WARN_DIRECT_OBJC_ISA_USAGE = YES_ERROR;
				CLANG_WARN_DOCUMENTATION_COMMENTS = YES;
				CLANG_WARN_EMPTY_BODY = YES;
				CLANG_WARN_ENUM_CONVERSION = YES;
				CLANG_WARN_INFINITE_RECURSION = YES;
				CLANG_WARN_INT_CONVERSION = YES;
				CLANG_WARN_NON_LITERAL_NULL_CONVERSION = YES;
				CLANG_WARN_OBJC_IMPLICIT_RETAIN_SELF = YES;
				CLANG_WARN_OBJC_LITERAL_CONVERSION = YES;
				CLANG_WARN_OBJC_ROOT_CLASS = YES_ERROR;
				CLANG_WARN_QUOTED_INCLUDE_IN_FRAMEWORK_HEADER = YES;
				CLANG_WARN_RANGE_LOOP_ANALYSIS = YES;
				CLANG_WARN_STRICT_PROTOTYPES = YES;
				CLANG_WARN_SUSPICIOUS_MOVE = YES;
				CLANG_WARN_UNGUARDED_AVAILABILITY = YES_AGGRESSIVE;
				CLANG_WARN_UNREACHABLE_CODE = YES;
				CLANG_WARN__DUPLICATE_METHOD_MATCH = YES;
				COPY_PHASE_STRIP = NO;
				DEBUG_INFORMATION_FORMAT = "dwarf-with-dsym";
				ENABLE_NS_ASSERTIONS = NO;
				ENABLE_STRICT_OBJC_MSGSEND = YES;
				GCC_C_LANGUAGE_STANDARD = gnu11;
				GCC_NO_COMMON_BLOCKS = YES;
				GCC_WARN_64_TO_32_BIT_CONVERSION = YES;
				GCC_WARN_ABOUT_RETURN_TYPE = YES_ERROR;
				GCC_WARN_UNDECLARED_SELECTOR = YES;
				GCC_WARN_UNINITIALIZED_AUTOS = YES_AGGRESSIVE;
				GCC_WARN_UNUSED_FUNCTION = YES;
				GCC_WARN_UNUSED_VARIABLE = YES;
				IPHONEOS_DEPLOYMENT_TARGET = 16.2;
				MTL_ENABLE_DEBUG_INFO = NO;
				MTL_FAST_MATH = YES;
				SDKROOT = iphoneos;
				SWIFT_COMPILATION_MODE = wholemodule;
				SWIFT_OPTIMIZATION_LEVEL = "-O";
				VALIDATE_PRODUCT = YES;
			};
			name = Release;
		};
		AD71E84729C0A78300926DB0 /* Debug */ = {
			isa = XCBuildConfiguration;
			buildSettings = {
				ASSETCATALOG_COMPILER_APPICON_NAME = AppIcon;
				ASSETCATALOG_COMPILER_GLOBAL_ACCENT_COLOR_NAME = AccentColor;
				CODE_SIGN_STYLE = Automatic;
				CURRENT_PROJECT_VERSION = 1;
				DEVELOPMENT_ASSET_PATHS = "\"iWallet/Preview Content\"";
				DEVELOPMENT_TEAM = 8L7MHF74UF;
				ENABLE_PREVIEWS = YES;
				GENERATE_INFOPLIST_FILE = YES;
				INFOPLIST_FILE = iWallet/Info.plist;
				INFOPLIST_KEY_UIApplicationSupportsIndirectInputEvents = YES;
				INFOPLIST_KEY_UILaunchScreen_Generation = YES;
				INFOPLIST_KEY_UISupportedInterfaceOrientations_iPad = "UIInterfaceOrientationPortrait UIInterfaceOrientationPortraitUpsideDown UIInterfaceOrientationLandscapeLeft UIInterfaceOrientationLandscapeRight";
				INFOPLIST_KEY_UISupportedInterfaceOrientations_iPhone = "UIInterfaceOrientationPortrait UIInterfaceOrientationLandscapeLeft UIInterfaceOrientationLandscapeRight";
				LD_RUNPATH_SEARCH_PATHS = (
					"$(inherited)",
					"@executable_path/Frameworks",
				);
				MARKETING_VERSION = 1.0;
				PRODUCT_BUNDLE_IDENTIFIER = iWallet.iWallet;
				PRODUCT_NAME = "$(TARGET_NAME)";
				SWIFT_EMIT_LOC_STRINGS = YES;
				SWIFT_VERSION = 5.0;
				TARGETED_DEVICE_FAMILY = "1,2";
			};
			name = Debug;
		};
		AD71E84829C0A78300926DB0 /* Release */ = {
			isa = XCBuildConfiguration;
			buildSettings = {
				ASSETCATALOG_COMPILER_APPICON_NAME = AppIcon;
				ASSETCATALOG_COMPILER_GLOBAL_ACCENT_COLOR_NAME = AccentColor;
				CODE_SIGN_STYLE = Automatic;
				CURRENT_PROJECT_VERSION = 1;
				DEVELOPMENT_ASSET_PATHS = "\"iWallet/Preview Content\"";
				DEVELOPMENT_TEAM = 8L7MHF74UF;
				ENABLE_PREVIEWS = YES;
				GENERATE_INFOPLIST_FILE = YES;
				INFOPLIST_FILE = iWallet/Info.plist;
				INFOPLIST_KEY_UIApplicationSupportsIndirectInputEvents = YES;
				INFOPLIST_KEY_UILaunchScreen_Generation = YES;
				INFOPLIST_KEY_UISupportedInterfaceOrientations_iPad = "UIInterfaceOrientationPortrait UIInterfaceOrientationPortraitUpsideDown UIInterfaceOrientationLandscapeLeft UIInterfaceOrientationLandscapeRight";
				INFOPLIST_KEY_UISupportedInterfaceOrientations_iPhone = "UIInterfaceOrientationPortrait UIInterfaceOrientationLandscapeLeft UIInterfaceOrientationLandscapeRight";
				LD_RUNPATH_SEARCH_PATHS = (
					"$(inherited)",
					"@executable_path/Frameworks",
				);
				MARKETING_VERSION = 1.0;
				PRODUCT_BUNDLE_IDENTIFIER = iWallet.iWallet;
				PRODUCT_NAME = "$(TARGET_NAME)";
				SWIFT_EMIT_LOC_STRINGS = YES;
				SWIFT_VERSION = 5.0;
				TARGETED_DEVICE_FAMILY = "1,2";
			};
			name = Release;
		};
/* End XCBuildConfiguration section */

/* Begin XCConfigurationList section */
		AD71E82E29C0A78200926DB0 /* Build configuration list for PBXProject "iWallet" */ = {
			isa = XCConfigurationList;
			buildConfigurations = (
				AD71E84429C0A78300926DB0 /* Debug */,
				AD71E84529C0A78300926DB0 /* Release */,
			);
			defaultConfigurationIsVisible = 0;
			defaultConfigurationName = Release;
		};
		AD71E84629C0A78300926DB0 /* Build configuration list for PBXNativeTarget "iWallet" */ = {
			isa = XCConfigurationList;
			buildConfigurations = (
				AD71E84729C0A78300926DB0 /* Debug */,
				AD71E84829C0A78300926DB0 /* Release */,
			);
			defaultConfigurationIsVisible = 0;
			defaultConfigurationName = Release;
		};
/* End XCConfigurationList section */

/* Begin XCVersionGroup section */
		AD71E84129C0A78300926DB0 /* iWallet.xcdatamodeld */ = {
			isa = XCVersionGroup;
			children = (
				AD71E84229C0A78300926DB0 /* iWallet.xcdatamodel */,
			);
			currentVersion = AD71E84229C0A78300926DB0 /* iWallet.xcdatamodel */;
			path = iWallet.xcdatamodeld;
			sourceTree = "<group>";
			versionGroupType = wrapper.xcdatamodel;
		};
/* End XCVersionGroup section */
	};
	rootObject = AD71E82B29C0A78200926DB0 /* Project object */;
}
